
Microsoft Visual Studio Solution File, Format Version 12.00
# Visual Studio 15
VisualStudioVersion = 15.0.28010.2041
MinimumVisualStudioVersion = 10.0.40219.1
Project("{FAE04EC0-301F-11D3-BF4B-00C04F79EFBC}") = "BookIms", "BookIms\BookIms.csproj", "{F6B3D5E1-2BEC-40B4-A8FC-87B6A0F815DF}"
EndProject
Global
	GlobalSection(SolutionConfigurationPlatforms) = preSolution
		Debug|Any CPU = Debug|Any CPU
		Release|Any CPU = Release|Any CPU
	EndGlobalSection
	GlobalSection(ProjectConfigurationPlatforms) = postSolution
		{F6B3D5E1-2BEC-40B4-A8FC-87B6A0F815DF}.Debug|Any CPU.ActiveCfg = Debug|Any CPU
		{F6B3D5E1-2BEC-40B4-A8FC-87B6A0F815DF}.Debug|Any CPU.Build.0 = Debug|Any CPU
		{F6B3D5E1-2BEC-40B4-A8FC-87B6A0F815DF}.Release|Any CPU.ActiveCfg = Release|Any CPU
		{F6B3D5E1-2BEC-40B4-A8FC-87B6A0F815DF}.Release|Any CPU.Build.0 = Release|Any CPU
	EndGlobalSection
	GlobalSection(SolutionProperties) = preSolution
		HideSolutionNode = FALSE
	EndGlobalSection
	GlobalSection(ExtensibilityGlobals) = postSolution
		SolutionGuid = {C9BB301B-2ADF-46FD-8694-9C24BDB56D21}
	EndGlobalSection
EndGlobal
